// !$*UTF8*$!
{
	archiveVersion = 1;
	classes = {
	};
	objectVersion = 56;
	objects = {

/* Begin PBXBuildFile section */
		1C2AFABA2D8E9F6600D367ED /* AppDelegate.swift in Sources */ = {isa = PBXBuildFile; fileRef = 1C2AFAB92D8E9F6600D367ED /* AppDelegate.swift */; };
		1C2AFABC2D8E9F6600D367ED /* SceneDelegate.swift in Sources */ = {isa = PBXBuildFile; fileRef = 1C2AFABB2D8E9F6600D367ED /* SceneDelegate.swift */; };
		1C2AFABE2D8E9F6600D367ED /* ViewController.swift in Sources */ = {isa = PBXBuildFile; fileRef = 1C2AFABD2D8E9F6600D367ED /* ViewController.swift */; };
		1C2AFAC12D8E9F6600D367ED /* Main.storyboard in Resources */ = {isa = PBXBuildFile; fileRef = 1C2AFABF2D8E9F6600D367ED /* Main.storyboard */; };
		1C2AFAC32D8E9F6F00D367ED /* Assets.xcassets in Resources */ = {isa = PBXBuildFile; fileRef = 1C2AFAC22D8E9F6F00D367ED /* Assets.xcassets */; };
		1C2AFAC62D8E9F6F00D367ED /* LaunchScreen.storyboard in Resources */ = {isa = PBXBuildFile; fileRef = 1C2AFAC42D8E9F6F00D367ED /* LaunchScreen.storyboard */; };
		1C2AFACE2D8F16FE00D367ED /* Petitions.swift in Sources */ = {isa = PBXBuildFile; fileRef = 1C2AFACD2D8F16FE00D367ED /* Petitions.swift */; };
		1C2AFAD02D8F172D00D367ED /* Petition.swift in Sources */ = {isa = PBXBuildFile; fileRef = 1C2AFACF2D8F172D00D367ED /* Petition.swift */; };
		1C2AFAD22D8F250100D367ED /* DetailViewController.swift in Sources */ = {isa = PBXBuildFile; fileRef = 1C2AFAD12D8F250100D367ED /* DetailViewController.swift */; };
/* End PBXBuildFile section */

/* Begin PBXFileReference section */
		1C2AFAB62D8E9F6600D367ED /* WhitehousePetitions.app */ = {isa = PBXFileReference; explicitFileType = wrapper.application; includeInIndex = 0; path = WhitehousePetitions.app; sourceTree = BUILT_PRODUCTS_DIR; };
		1C2AFAB92D8E9F6600D367ED /* AppDelegate.swift */ = {isa = PBXFileReference; lastKnownFileType = sourcecode.swift; path = AppDelegate.swift; sourceTree = "<group>"; };
		1C2AFABB2D8E9F6600D367ED /* SceneDelegate.swift */ = {isa = PBXFileReference; lastKnownFileType = sourcecode.swift; path = SceneDelegate.swift; sourceTree = "<group>"; };
		1C2AFABD2D8E9F6600D367ED /* ViewController.swift */ = {isa = PBXFileReference; lastKnownFileType = sourcecode.swift; path = ViewController.swift; sourceTree = "<group>"; };
		1C2AFAC02D8E9F6600D367ED /* Base */ = {isa = PBXFileReference; lastKnownFileType = file.storyboard; name = Base; path = Base.lproj/Main.storyboard; sourceTree = "<group>"; };
		1C2AFAC22D8E9F6F00D367ED /* Assets.xcassets */ = {isa = PBXFileReference; lastKnownFileType = folder.assetcatalog; path = Assets.xcassets; sourceTree = "<group>"; };
		1C2AFAC52D8E9F6F00D367ED /* Base */ = {isa = PBXFileReference; lastKnownFileType = file.storyboard; name = Base; path = Base.lproj/LaunchScreen.storyboard; sourceTree = "<group>"; };
		1C2AFAC72D8E9F6F00D367ED /* Info.plist */ = {isa = PBXFileReference; lastKnownFileType = text.plist.xml; path = Info.plist; sourceTree = "<group>"; };
		1C2AFACD2D8F16FE00D367ED /* Petitions.swift */ = {isa = PBXFileReference; lastKnownFileType = sourcecode.swift; path = Petitions.swift; sourceTree = "<group>"; };
		1C2AFACF2D8F172D00D367ED /* Petition.swift */ = {isa = PBXFileReference; lastKnownFileType = sourcecode.swift; path = Petition.swift; sourceTree = "<group>"; };
		1C2AFAD12D8F250100D367ED /* DetailViewController.swift */ = {isa = PBXFileReference; lastKnownFileType = sourcecode.swift; path = DetailViewController.swift; sourceTree = "<group>"; };
/* End PBXFileReference section */

/* Begin PBXFrameworksBuildPhase section */
		1C2AFAB32D8E9F6600D367ED /* Frameworks */ = {
			isa = PBXFrameworksBuildPhase;
			buildActionMask = 2147483647;
			files = (
			);
			runOnlyForDeploymentPostprocessing = 0;
		};
/* End PBXFrameworksBuildPhase section */

/* Begin PBXGroup section */
		1C2AFAAD2D8E9F6600D367ED = {
			isa = PBXGroup;
			children = (
				1C2AFAB82D8E9F6600D367ED /* WhitehousePetitions */,
				1C2AFAB72D8E9F6600D367ED /* Products */,
			);
			sourceTree = "<group>";
		};
		1C2AFAB72D8E9F6600D367ED /* Products */ = {
			isa = PBXGroup;
			children = (
				1C2AFAB62D8E9F6600D367ED /* WhitehousePetitions.app */,
			);
			name = Products;
			sourceTree = "<group>";
		};
		1C2AFAB82D8E9F6600D367ED /* WhitehousePetitions */ = {
			isa = PBXGroup;
			children = (
				1C2AFAB92D8E9F6600D367ED /* AppDelegate.swift */,
				1C2AFABB2D8E9F6600D367ED /* SceneDelegate.swift */,
				1C2AFABD2D8E9F6600D367ED /* ViewController.swift */,
				1C2AFAD12D8F250100D367ED /* DetailViewController.swift */,
				1C2AFACD2D8F16FE00D367ED /* Petitions.swift */,
				1C2AFACF2D8F172D00D367ED /* Petition.swift */,
				1C2AFABF2D8E9F6600D367ED /* Main.storyboard */,
				1C2AFAC22D8E9F6F00D367ED /* Assets.xcassets */,
				1C2AFAC42D8E9F6F00D367ED /* LaunchScreen.storyboard */,
				1C2AFAC72D8E9F6F00D367ED /* Info.plist */,
			);
			path = WhitehousePetitions;
			sourceTree = "<group>";
		};
/* End PBXGroup section */

/* Begin PBXNativeTarget section */
		1C2AFAB52D8E9F6600D367ED /* WhitehousePetitions */ = {
			isa = PBXNativeTarget;
			buildConfigurationList = 1C2AFACA2D8E9F6F00D367ED /* Build configuration list for PBXNativeTarget "WhitehousePetitions" */;
			buildPhases = (
				1C2AFAB22D8E9F6600D367ED /* Sources */,
				1C2AFAB32D8E9F6600D367ED /* Frameworks */,
				1C2AFAB42D8E9F6600D367ED /* Resources */,
			);
			buildRules = (
			);
			dependencies = (
			);
			name = WhitehousePetitions;
			productName = WhitehousePetitions;
			productReference = 1C2AFAB62D8E9F6600D367ED /* WhitehousePetitions.app */;
			productType = "com.apple.product-type.application";
		};
/* End PBXNativeTarget section */

/* Begin PBXProject section */
		1C2AFAAE2D8E9F6600D367ED /* Project object */ = {
			isa = PBXProject;
			attributes = {
				BuildIndependentTargetsInParallel = 1;
				LastSwiftUpdateCheck = 1520;
				LastUpgradeCheck = 1520;
				TargetAttributes = {
					1C2AFAB52D8E9F6600D367ED = {
						CreatedOnToolsVersion = 15.2;
					};
				};
			};
			buildConfigurationList = 1C2AFAB12D8E9F6600D367ED /* Build configuration list for PBXProject "WhitehousePetitions" */;
			compatibilityVersion = "Xcode 14.0";
			developmentRegion = en;
			hasScannedForEncodings = 0;
			knownRegions = (
				en,
				Base,
			);
			mainGroup = 1C2AFAAD2D8E9F6600D367ED;
			productRefGroup = 1C2AFAB72D8E9F6600D367ED /* Products */;
			projectDirPath = "";
			projectRoot = "";
			targets = (
				1C2AFAB52D8E9F6600D367ED /* WhitehousePetitions */,
			);
		};
/* End PBXProject section */

/* Begin PBXResourcesBuildPhase section */
		1C2AFAB42D8E9F6600D367ED /* Resources */ = {
			isa = PBXResourcesBuildPhase;
			buildActionMask = 2147483647;
			files = (
				1C2AFAC62D8E9F6F00D367ED /* LaunchScreen.storyboard in Resources */,
				1C2AFAC32D8E9F6F00D367ED /* Assets.xcassets in Resources */,
				1C2AFAC12D8E9F6600D367ED /* Main.storyboard in Resources */,
			);
			runOnlyForDeploymentPostprocessing = 0;
		};
/* End PBXResourcesBuildPhase section */

/* Begin PBXSourcesBuildPhase section */
		1C2AFAB22D8E9F6600D367ED /* Sources */ = {
			isa = PBXSourcesBuildPhase;
			buildActionMask = 2147483647;
			files = (
				1C2AFAD02D8F172D00D367ED /* Petition.swift in Sources */,
				1C2AFABE2D8E9F6600D367ED /* ViewController.swift in Sources */,
				1C2AFACE2D8F16FE00D367ED /* Petitions.swift in Sources */,
				1C2AFAD22D8F250100D367ED /* DetailViewController.swift in Sources */,
				1C2AFABA2D8E9F6600D367ED /* AppDelegate.swift in Sources */,
				1C2AFABC2D8E9F6600D367ED /* SceneDelegate.swift in Sources */,
			);
			runOnlyForDeploymentPostprocessing = 0;
		};
/* End PBXSourcesBuildPhase section */

/* Begin PBXVariantGroup section */
		1C2AFABF2D8E9F6600D367ED /* Main.storyboard */ = {
			isa = PBXVariantGroup;
			children = (
				1C2AFAC02D8E9F6600D367ED /* Base */,
			);
			name = Main.storyboard;
			sourceTree = "<group>";
		};
		1C2AFAC42D8E9F6F00D367ED /* LaunchScreen.storyboard */ = {
			isa = PBXVariantGroup;
			children = (
				1C2AFAC52D8E9F6F00D367ED /* Base */,
			);
			name = LaunchScreen.storyboard;
			sourceTree = "<group>";
		};
/* End PBXVariantGroup section */

/* Begin XCBuildConfiguration section */
		1C2AFAC82D8E9F6F00D367ED /* Debug */ = {
			isa = XCBuildConfiguration;
			buildSettings = {
				ALWAYS_SEARCH_USER_PATHS = NO;
				ASSETCATALOG_COMPILER_GENERATE_SWIFT_ASSET_SYMBOL_EXTENSIONS = YES;
				CLANG_ANALYZER_NONNULL = YES;
				CLANG_ANALYZER_NUMBER_OBJECT_CONVERSION = YES_AGGRESSIVE;
				CLANG_CXX_LANGUAGE_STANDARD = "gnu++20";
				CLANG_ENABLE_MODULES = YES;
				CLANG_ENABLE_OBJC_ARC = YES;
				CLANG_ENABLE_OBJC_WEAK = YES;
				CLANG_WARN_BLOCK_CAPTURE_AUTORELEASING = YES;
				CLANG_WARN_BOOL_CONVERSION = YES;
				CLANG_WARN_COMMA = YES;
				CLANG_WARN_CONSTANT_CONVERSION = YES;
				CLANG_WARN_DEPRECATED_OBJC_IMPLEMENTATIONS = YES;
				CLANG_WARN_DIRECT_OBJC_ISA_USAGE = YES_ERROR;
				CLANG_WARN_DOCUMENTATION_COMMENTS = YES;
				CLANG_WARN_EMPTY_BODY = YES;
				CLANG_WARN_ENUM_CONVERSION = YES;
				CLANG_WARN_INFINITE_RECURSION = YES;
				CLANG_WARN_INT_CONVERSION = YES;
				CLANG_WARN_NON_LITERAL_NULL_CONVERSION = YES;
				CLANG_WARN_OBJC_IMPLICIT_RETAIN_SELF = YES;
				CLANG_WARN_OBJC_LITERAL_CONVERSION = YES;
				CLANG_WARN_OBJC_ROOT_CLASS = YES_ERROR;
				CLANG_WARN_QUOTED_INCLUDE_IN_FRAMEWORK_HEADER = YES;
				CLANG_WARN_RANGE_LOOP_ANALYSIS = YES;
				CLANG_WARN_STRICT_PROTOTYPES = YES;
				CLANG_WARN_SUSPICIOUS_MOVE = YES;
				CLANG_WARN_UNGUARDED_AVAILABILITY = YES_AGGRESSIVE;
				CLANG_WARN_UNREACHABLE_CODE = YES;
				CLANG_WARN__DUPLICATE_METHOD_MATCH = YES;
				COPY_PHASE_STRIP = NO;
				DEBUG_INFORMATION_FORMAT = dwarf;
				ENABLE_STRICT_OBJC_MSGSEND = YES;
				ENABLE_TESTABILITY = YES;
				ENABLE_USER_SCRIPT_SANDBOXING = YES;
				GCC_C_LANGUAGE_STANDARD = gnu17;
				GCC_DYNAMIC_NO_PIC = NO;
				GCC_NO_COMMON_BLOCKS = YES;
				GCC_OPTIMIZATION_LEVEL = 0;
				GCC_PREPROCESSOR_DEFINITIONS = (
					"DEBUG=1",
					"$(inherited)",
				);
				GCC_WARN_64_TO_32_BIT_CONVERSION = YES;
				GCC_WARN_ABOUT_RETURN_TYPE = YES_ERROR;
				GCC_WARN_UNDECLARED_SELECTOR = YES;
				GCC_WARN_UNINITIALIZED_AUTOS = YES_AGGRESSIVE;
				GCC_WARN_UNUSED_FUNCTION = YES;
				GCC_WARN_UNUSED_VARIABLE = YES;
				IPHONEOS_DEPLOYMENT_TARGET = 17.2;
				LOCALIZATION_PREFERS_STRING_CATALOGS = YES;
				MTL_ENABLE_DEBUG_INFO = INCLUDE_SOURCE;
				MTL_FAST_MATH = YES;
				ONLY_ACTIVE_ARCH = YES;
				SDKROOT = iphoneos;
				SWIFT_ACTIVE_COMPILATION_CONDITIONS = "DEBUG $(inherited)";
				SWIFT_OPTIMIZATION_LEVEL = "-Onone";
			};
			name = Debug;
		};
		1C2AFAC92D8E9F6F00D367ED /* Release */ = {
			isa = XCBuildConfiguration;
			buildSettings = {
				ALWAYS_SEARCH_USER_PATHS = NO;
				ASSETCATALOG_COMPILER_GENERATE_SWIFT_ASSET_SYMBOL_EXTENSIONS = YES;
				CLANG_ANALYZER_NONNULL = YES;
				CLANG_ANALYZER_NUMBER_OBJECT_CONVERSION = YES_AGGRESSIVE;
				CLANG_CXX_LANGUAGE_STANDARD = "gnu++20";
				CLANG_ENABLE_MODULES = YES;
				CLANG_ENABLE_OBJC_ARC = YES;
				CLANG_ENABLE_OBJC_WEAK = YES;
				CLANG_WARN_BLOCK_CAPTURE_AUTORELEASING = YES;
				CLANG_WARN_BOOL_CONVERSION = YES;
				CLANG_WARN_COMMA = YES;
				CLANG_WARN_CONSTANT_CONVERSION = YES;
				CLANG_WARN_DEPRECATED_OBJC_IMPLEMENTATIONS = YES;
				CLANG_WARN_DIRECT_OBJC_ISA_USAGE = YES_ERROR;
				CLANG_WARN_DOCUMENTATION_COMMENTS = YES;
				CLANG_WARN_EMPTY_BODY = YES;
				CLANG_WARN_ENUM_CONVERSION = YES;
				CLANG_WARN_INFINITE_RECURSION = YES;
				CLANG_WARN_INT_CONVERSION = YES;
				CLANG_WARN_NON_LITERAL_NULL_CONVERSION = YES;
				CLANG_WARN_OBJC_IMPLICIT_RETAIN_SELF = YES;
				CLANG_WARN_OBJC_LITERAL_CONVERSION = YES;
				CLANG_WARN_OBJC_ROOT_CLASS = YES_ERROR;
				CLANG_WARN_QUOTED_INCLUDE_IN_FRAMEWORK_HEADER = YES;
				CLANG_WARN_RANGE_LOOP_ANALYSIS = YES;
				CLANG_WARN_STRICT_PROTOTYPES = YES;
				CLANG_WARN_SUSPICIOUS_MOVE = YES;
				CLANG_WARN_UNGUARDED_AVAILABILITY = YES_AGGRESSIVE;
				CLANG_WARN_UNREACHABLE_CODE = YES;
				CLANG_WARN__DUPLICATE_METHOD_MATCH = YES;
				COPY_PHASE_STRIP = NO;
				DEBUG_INFORMATION_FORMAT = "dwarf-with-dsym";
				ENABLE_NS_ASSERTIONS = NO;
				ENABLE_STRICT_OBJC_MSGSEND = YES;
				ENABLE_USER_SCRIPT_SANDBOXING = YES;
				GCC_C_LANGUAGE_STANDARD = gnu17;
				GCC_NO_COMMON_BLOCKS = YES;
				GCC_WARN_64_TO_32_BIT_CONVERSION = YES;
				GCC_WARN_ABOUT_RETURN_TYPE = YES_ERROR;
				GCC_WARN_UNDECLARED_SELECTOR = YES;
				GCC_WARN_UNINITIALIZED_AUTOS = YES_AGGRESSIVE;
				GCC_WARN_UNUSED_FUNCTION = YES;
				GCC_WARN_UNUSED_VARIABLE = YES;
				IPHONEOS_DEPLOYMENT_TARGET = 17.2;
				LOCALIZATION_PREFERS_STRING_CATALOGS = YES;
				MTL_ENABLE_DEBUG_INFO = NO;
				MTL_FAST_MATH = YES;
				SDKROOT = iphoneos;
				SWIFT_COMPILATION_MODE = wholemodule;
				VALIDATE_PRODUCT = YES;
			};
			name = Release;
		};
		1C2AFACB2D8E9F6F00D367ED /* Debug */ = {
			isa = XCBuildConfiguration;
			buildSettings = {
				ASSETCATALOG_COMPILER_APPICON_NAME = AppIcon;
				ASSETCATALOG_COMPILER_GLOBAL_ACCENT_COLOR_NAME = AccentColor;
				CODE_SIGN_STYLE = Automatic;
				CURRENT_PROJECT_VERSION = 1;
				DEVELOPMENT_TEAM = 8FAVB8KD5D;
				GENERATE_INFOPLIST_FILE = YES;
				INFOPLIST_FILE = WhitehousePetitions/Info.plist;
				INFOPLIST_KEY_UIApplicationSupportsIndirectInputEvents = YES;
				INFOPLIST_KEY_UILaunchStoryboardName = LaunchScreen;
				INFOPLIST_KEY_UIMainStoryboardFile = Main;
				INFOPLIST_KEY_UISupportedInterfaceOrientations_iPad = "UIInterfaceOrientationPortrait UIInterfaceOrientationPortraitUpsideDown UIInterfaceOrientationLandscapeLeft UIInterfaceOrientationLandscapeRight";
				INFOPLIST_KEY_UISupportedInterfaceOrientations_iPhone = "UIInterfaceOrientationPortrait UIInterfaceOrientationLandscapeLeft UIInterfaceOrientationLandscapeRight";
				LD_RUNPATH_SEARCH_PATHS = (
					"$(inherited)",
					"@executable_path/Frameworks",
				);
				MARKETING_VERSION = 1.0;
				PRODUCT_BUNDLE_IDENTIFIER = com.project.WhitehousePetitions;
				PRODUCT_NAME = "$(TARGET_NAME)";
				SWIFT_EMIT_LOC_STRINGS = YES;
				SWIFT_VERSION = 5.0;
				TARGETED_DEVICE_FAMILY = "1,2";
			};
			name = Debug;
		};
		1C2AFACC2D8E9F6F00D367ED /* Release */ = {
			isa = XCBuildConfiguration;
			buildSettings = {
				ASSETCATALOG_COMPILER_APPICON_NAME = AppIcon;
				ASSETCATALOG_COMPILER_GLOBAL_ACCENT_COLOR_NAME = AccentColor;
				CODE_SIGN_STYLE = Automatic;
				CURRENT_PROJECT_VERSION = 1;
				DEVELOPMENT_TEAM = 8FAVB8KD5D;
				GENERATE_INFOPLIST_FILE = YES;
				INFOPLIST_FILE = WhitehousePetitions/Info.plist;
				INFOPLIST_KEY_UIApplicationSupportsIndirectInputEvents = YES;
				INFOPLIST_KEY_UILaunchStoryboardName = LaunchScreen;
				INFOPLIST_KEY_UIMainStoryboardFile = Main;
				INFOPLIST_KEY_UISupportedInterfaceOrientations_iPad = "UIInterfaceOrientationPortrait UIInterfaceOrientationPortraitUpsideDown UIInterfaceOrientationLandscapeLeft UIInterfaceOrientationLandscapeRight";
				INFOPLIST_KEY_UISupportedInterfaceOrientations_iPhone = "UIInterfaceOrientationPortrait UIInterfaceOrientationLandscapeLeft UIInterfaceOrientationLandscapeRight";
				LD_RUNPATH_SEARCH_PATHS = (
					"$(inherited)",
					"@executable_path/Frameworks",
				);
				MARKETING_VERSION = 1.0;
				PRODUCT_BUNDLE_IDENTIFIER = com.project.WhitehousePetitions;
				PRODUCT_NAME = "$(TARGET_NAME)";
				SWIFT_EMIT_LOC_STRINGS = YES;
				SWIFT_VERSION = 5.0;
				TARGETED_DEVICE_FAMILY = "1,2";
			};
			name = Release;
		};
/* End XCBuildConfiguration section */

/* Begin XCConfigurationList section */
		1C2AFAB12D8E9F6600D367ED /* Build configuration list for PBXProject "WhitehousePetitions" */ = {
			isa = XCConfigurationList;
			buildConfigurations = (
				1C2AFAC82D8E9F6F00D367ED /* Debug */,
				1C2AFAC92D8E9F6F00D367ED /* Release */,
			);
			defaultConfigurationIsVisible = 0;
			defaultConfigurationName = Release;
		};
		1C2AFACA2D8E9F6F00D367ED /* Build configuration list for PBXNativeTarget "WhitehousePetitions" */ = {
			isa = XCConfigurationList;
			buildConfigurations = (
				1C2AFACB2D8E9F6F00D367ED /* Debug */,
				1C2AFACC2D8E9F6F00D367ED /* Release */,
			);
			defaultConfigurationIsVisible = 0;
			defaultConfigurationName = Release;
		};
/* End XCConfigurationList section */
	};
	rootObject = 1C2AFAAE2D8E9F6600D367ED /* Project object */;
}
